
Microsoft Visual Studio Solution File, Format Version 12.00
# Visual Studio Version 17
VisualStudioVersion = 17.14.36518.9
MinimumVisualStudioVersion = 10.0.40219.1
Project("{FAE04EC0-301F-11D3-BF4B-00C04F79EFBC}") = "GlobalBrands.TimeSheet.PL", "TimeSheet\GlobalBrands.TimeSheet.PL.csproj", "{DB104EB1-39AA-4CA8-92BA-79E95E13509F}"
EndProject
Project("{FAE04EC0-301F-11D3-BF4B-00C04F79EFBC}") = "GlobalBrands.TimeSheet.DAL", "GlobalBrands.TimeSheet.DAL\GlobalBrands.TimeSheet.DAL.csproj", "{D5C73ADC-A6F3-4ECE-A7DC-36A1F29F1F4B}"
EndProject
Project("{FAE04EC0-301F-11D3-BF4B-00C04F79EFBC}") = "GlobalBrands.TimeSheet.BL", "GlobalBrands.TimeSheet.BL\GlobalBrands.TimeSheet.BL.csproj", "{5BCD714E-0C48-410E-9663-D4F1D6046AD8}"
EndProject
Global
	GlobalSection(SolutionConfigurationPlatforms) = preSolution
		Debug|Any CPU = Debug|Any CPU
		Release|Any CPU = Release|Any CPU
	EndGlobalSection
	GlobalSection(ProjectConfigurationPlatforms) = postSolution
		{DB104EB1-39AA-4CA8-92BA-79E95E13509F}.Debug|Any CPU.ActiveCfg = Debug|Any CPU
		{DB104EB1-39AA-4CA8-92BA-79E95E13509F}.Debug|Any CPU.Build.0 = Debug|Any CPU
		{DB104EB1-39AA-4CA8-92BA-79E95E13509F}.Release|Any CPU.ActiveCfg = Release|Any CPU
		{DB104EB1-39AA-4CA8-92BA-79E95E13509F}.Release|Any CPU.Build.0 = Release|Any CPU
		{D5C73ADC-A6F3-4ECE-A7DC-36A1F29F1F4B}.Debug|Any CPU.ActiveCfg = Debug|Any CPU
		{D5C73ADC-A6F3-4ECE-A7DC-36A1F29F1F4B}.Debug|Any CPU.Build.0 = Debug|Any CPU
		{D5C73ADC-A6F3-4ECE-A7DC-36A1F29F1F4B}.Release|Any CPU.ActiveCfg = Release|Any CPU
		{D5C73ADC-A6F3-4ECE-A7DC-36A1F29F1F4B}.Release|Any CPU.Build.0 = Release|Any CPU
		{5BCD714E-0C48-410E-9663-D4F1D6046AD8}.Debug|Any CPU.ActiveCfg = Debug|Any CPU
		{5BCD714E-0C48-410E-9663-D4F1D6046AD8}.Debug|Any CPU.Build.0 = Debug|Any CPU
		{5BCD714E-0C48-410E-9663-D4F1D6046AD8}.Release|Any CPU.ActiveCfg = Release|Any CPU
		{5BCD714E-0C48-410E-9663-D4F1D6046AD8}.Release|Any CPU.Build.0 = Release|Any CPU
	EndGlobalSection
	GlobalSection(SolutionProperties) = preSolution
		HideSolutionNode = FALSE
	EndGlobalSection
	GlobalSection(ExtensibilityGlobals) = postSolution
		SolutionGuid = {73509D2C-7DDE-4056-90CA-0BA2CCDC38DE}
	EndGlobalSection
EndGlobal
